
Microsoft Visual Studio Solution File, Format Version 12.00
# Visual Studio Version 17
VisualStudioVersion = 17.11.35312.102
MinimumVisualStudioVersion = 10.0.40219.1
Project("{FAE04EC0-301F-11D3-BF4B-00C04F79EFBC}") = "PracticeOOP", "PracticeOOP\PracticeOOP.csproj", "{F3AE26CE-855C-417C-BFB4-048A93E482D5}"
EndProject
Global
	GlobalSection(SolutionConfigurationPlatforms) = preSolution
		Debug|Any CPU = Debug|Any CPU
		Release|Any CPU = Release|Any CPU
	EndGlobalSection
	GlobalSection(ProjectConfigurationPlatforms) = postSolution
		{F3AE26CE-855C-417C-BFB4-048A93E482D5}.Debug|Any CPU.ActiveCfg = Debug|Any CPU
		{F3AE26CE-855C-417C-BFB4-048A93E482D5}.Debug|Any CPU.Build.0 = Debug|Any CPU
		{F3AE26CE-855C-417C-BFB4-048A93E482D5}.Release|Any CPU.ActiveCfg = Release|Any CPU
		{F3AE26CE-855C-417C-BFB4-048A93E482D5}.Release|Any CPU.Build.0 = Release|Any CPU
	EndGlobalSection
	GlobalSection(SolutionProperties) = preSolution
		HideSolutionNode = FALSE
	EndGlobalSection
	GlobalSection(ExtensibilityGlobals) = postSolution
		SolutionGuid = {CAF7059C-B620-4973-ACC0-9BBF61069CE8}
	EndGlobalSection
EndGlobal
